{
  "version": 4,
  "terraform_version": "1.3.7",
  "serial": 46,
  "lineage": "0543ac2c-f69c-d1b9-56c7-353423deb2c7",
  "outputs": {},
  "resources": [
    {
      "mode": "managed",
      "type": "aws_s3_bucket",
      "name": "terraform_state",
      "provider": "provider[\"registry.terraform.io/hashicorp/aws\"]",
      "instances": [
        {
          "schema_version": 0,
          "attributes": {
            "acceleration_status": "",
            "acl": null,
            "arn": "arn:aws:s3:::terraform-bucket-14498",
            "bucket": "terraform-bucket-14498",
            "bucket_domain_name": "terraform-bucket-14498.s3.amazonaws.com",
            "bucket_prefix": null,
            "bucket_regional_domain_name": "terraform-bucket-14498.s3.amazonaws.com",
            "cors_rule": [],
            "force_destroy": false,
            "grant": [
              {
                "id": "b15c461be9bb37235a0bbc0a066606872357171f5e919d08d17ef6d2df09589c",
                "permissions": [
                  "FULL_CONTROL"
                ],
                "type": "CanonicalUser",
                "uri": ""
              }
            ],
            "hosted_zone_id": "Z3AQBSTGFYJSTF",
            "id": "terraform-bucket-14498",
            "lifecycle_rule": [],
            "logging": [],
            "object_lock_configuration": [],
            "object_lock_enabled": false,
            "policy": "",
            "region": "us-east-1",
            "replication_configuration": [],
            "request_payer": "BucketOwner",
            "server_side_encryption_configuration": [],
            "tags": {},
            "tags_all": {},
            "timeouts": null,
            "versioning": [
              {
                "enabled": true,
                "mfa_delete": false
              }
            ],
            "website": [],
            "website_domain": null,
            "website_endpoint": null
          },
          "sensitive_attributes": [],
          "private": "eyJlMmJmYjczMC1lY2FhLTExZTYtOGY4OC0zNDM2M2JjN2M0YzAiOnsiY3JlYXRlIjoxMjAwMDAwMDAwMDAwLCJkZWxldGUiOjM2MDAwMDAwMDAwMDAsInJlYWQiOjEyMDAwMDAwMDAwMDAsInVwZGF0ZSI6MTIwMDAwMDAwMDAwMH19"
        }
      ]
    },
    {
      "mode": "managed",
      "type": "aws_s3_bucket_versioning",
      "name": "enabled",
      "provider": "provider[\"registry.terraform.io/hashicorp/aws\"]",
      "instances": [
        {
          "schema_version": 0,
          "attributes": {
            "bucket": "terraform-bucket-14498",
            "expected_bucket_owner": "",
            "id": "terraform-bucket-14498",
            "mfa": null,
            "versioning_configuration": [
              {
                "mfa_delete": "",
                "status": "Enabled"
              }
            ]
          },
          "sensitive_attributes": [],
          "private": "bnVsbA==",
          "dependencies": [
            "aws_s3_bucket.terraform_state"
          ]
        }
      ]
    },
    {
      "module": "module.ec2",
      "mode": "managed",
      "type": "aws_instance",
      "name": "private-instance1",
      "provider": "provider[\"registry.terraform.io/hashicorp/aws\"]",
      "instances": [
        {
          "schema_version": 1,
          "attributes": {
            "ami": "ami-00874d747dde814fa",
            "arn": "arn:aws:ec2:us-east-1:979117655628:instance/i-0d5c184b05c1388e2",
            "associate_public_ip_address": false,
            "availability_zone": "us-east-1a",
            "capacity_reservation_specification": [
              {
                "capacity_reservation_preference": "open",
                "capacity_reservation_target": []
              }
            ],
            "cpu_core_count": 1,
            "cpu_threads_per_core": 1,
            "credit_specification": [
              {
                "cpu_credits": "standard"
              }
            ],
            "disable_api_stop": false,
            "disable_api_termination": false,
            "ebs_block_device": [],
            "ebs_optimized": false,
            "enclave_options": [
              {
                "enabled": false
              }
            ],
            "ephemeral_block_device": [],
            "get_password_data": false,
            "hibernation": false,
            "host_id": "",
            "host_resource_group_arn": null,
            "iam_instance_profile": "",
            "id": "i-0d5c184b05c1388e2",
            "instance_initiated_shutdown_behavior": "stop",
            "instance_state": "running",
            "instance_type": "t2.micro",
            "ipv6_address_count": 0,
            "ipv6_addresses": [],
            "key_name": "",
            "launch_template": [],
            "maintenance_options": [
              {
                "auto_recovery": "default"
              }
            ],
            "metadata_options": [
              {
                "http_endpoint": "enabled",
                "http_put_response_hop_limit": 1,
                "http_tokens": "optional",
                "instance_metadata_tags": "disabled"
              }
            ],
            "monitoring": false,
            "network_interface": [],
            "outpost_arn": "",
            "password_data": "",
            "placement_group": "",
            "placement_partition_number": 0,
            "primary_network_interface_id": "eni-049db463d5e203945",
            "private_dns": "ip-10-0-2-97.ec2.internal",
            "private_dns_name_options": [
              {
                "enable_resource_name_dns_a_record": false,
                "enable_resource_name_dns_aaaa_record": false,
                "hostname_type": "ip-name"
              }
            ],
            "private_ip": "10.0.2.97",
            "public_dns": "",
            "public_ip": "",
            "root_block_device": [
              {
                "delete_on_termination": true,
                "device_name": "/dev/sda1",
                "encrypted": false,
                "iops": 100,
                "kms_key_id": "",
                "tags": {},
                "throughput": 0,
                "volume_id": "vol-0c50d29c2be150691",
                "volume_size": 8,
                "volume_type": "gp2"
              }
            ],
            "secondary_private_ips": [],
            "security_groups": [],
            "source_dest_check": true,
            "subnet_id": "subnet-034a2e7ca460f40c9",
            "tags": {
              "Name": "private-instance1"
            },
            "tags_all": {
              "Name": "private-instance1"
            },
            "tenancy": "default",
            "timeouts": null,
            "user_data": "1d8e3f999508772d5fadc3195ccf3c7bcedef4c8",
            "user_data_base64": null,
            "user_data_replace_on_change": false,
            "volume_tags": null,
            "vpc_security_group_ids": [
              "sg-002399f1ab1aab0df"
            ]
          },
          "sensitive_attributes": [],
          "private": "eyJlMmJmYjczMC1lY2FhLTExZTYtOGY4OC0zNDM2M2JjN2M0YzAiOnsiY3JlYXRlIjo2MDAwMDAwMDAwMDAsImRlbGV0ZSI6MTIwMDAwMDAwMDAwMCwidXBkYXRlIjo2MDAwMDAwMDAwMDB9LCJzY2hlbWFfdmVyc2lvbiI6IjEifQ==",
          "dependencies": [
            "module.modules.aws_security_group.secgroup",
            "module.modules.aws_subnet.private_subnet1",
            "module.modules.aws_vpc.mainvpc"
          ]
        }
      ]
    },
    {
      "module": "module.ec2",
      "mode": "managed",
      "type": "aws_instance",
      "name": "private-instance2",
      "provider": "provider[\"registry.terraform.io/hashicorp/aws\"]",
      "instances": [
        {
          "schema_version": 1,
          "attributes": {
            "ami": "ami-00874d747dde814fa",
            "arn": "arn:aws:ec2:us-east-1:979117655628:instance/i-04c510825b4ac034a",
            "associate_public_ip_address": false,
            "availability_zone": "us-east-1b",
            "capacity_reservation_specification": [
              {
                "capacity_reservation_preference": "open",
                "capacity_reservation_target": []
              }
            ],
            "cpu_core_count": 1,
            "cpu_threads_per_core": 1,
            "credit_specification": [
              {
                "cpu_credits": "standard"
              }
            ],
            "disable_api_stop": false,
            "disable_api_termination": false,
            "ebs_block_device": [],
            "ebs_optimized": false,
            "enclave_options": [
              {
                "enabled": false
              }
            ],
            "ephemeral_block_device": [],
            "get_password_data": false,
            "hibernation": false,
            "host_id": "",
            "host_resource_group_arn": null,
            "iam_instance_profile": "",
            "id": "i-04c510825b4ac034a",
            "instance_initiated_shutdown_behavior": "stop",
            "instance_state": "running",
            "instance_type": "t2.micro",
            "ipv6_address_count": 0,
            "ipv6_addresses": [],
            "key_name": "",
            "launch_template": [],
            "maintenance_options": [
              {
                "auto_recovery": "default"
              }
            ],
            "metadata_options": [
              {
                "http_endpoint": "enabled",
                "http_put_response_hop_limit": 1,
                "http_tokens": "optional",
                "instance_metadata_tags": "disabled"
              }
            ],
            "monitoring": false,
            "network_interface": [],
            "outpost_arn": "",
            "password_data": "",
            "placement_group": "",
            "placement_partition_number": 0,
            "primary_network_interface_id": "eni-072e46dc9d69aafe9",
            "private_dns": "ip-10-0-3-211.ec2.internal",
            "private_dns_name_options": [
              {
                "enable_resource_name_dns_a_record": false,
                "enable_resource_name_dns_aaaa_record": false,
                "hostname_type": "ip-name"
              }
            ],
            "private_ip": "10.0.3.211",
            "public_dns": "",
            "public_ip": "",
            "root_block_device": [
              {
                "delete_on_termination": true,
                "device_name": "/dev/sda1",
                "encrypted": false,
                "iops": 100,
                "kms_key_id": "",
                "tags": {},
                "throughput": 0,
                "volume_id": "vol-0cc1a756431800bb6",
                "volume_size": 8,
                "volume_type": "gp2"
              }
            ],
            "secondary_private_ips": [],
            "security_groups": [],
            "source_dest_check": true,
            "subnet_id": "subnet-09d4b0a624d1e11ae",
            "tags": {
              "Name": "private-instance2"
            },
            "tags_all": {
              "Name": "private-instance2"
            },
            "tenancy": "default",
            "timeouts": null,
            "user_data": "1d8e3f999508772d5fadc3195ccf3c7bcedef4c8",
            "user_data_base64": null,
            "user_data_replace_on_change": false,
            "volume_tags": null,
            "vpc_security_group_ids": [
              "sg-002399f1ab1aab0df"
            ]
          },
          "sensitive_attributes": [],
          "private": "eyJlMmJmYjczMC1lY2FhLTExZTYtOGY4OC0zNDM2M2JjN2M0YzAiOnsiY3JlYXRlIjo2MDAwMDAwMDAwMDAsImRlbGV0ZSI6MTIwMDAwMDAwMDAwMCwidXBkYXRlIjo2MDAwMDAwMDAwMDB9LCJzY2hlbWFfdmVyc2lvbiI6IjEifQ==",
          "dependencies": [
            "module.modules.aws_security_group.secgroup",
            "module.modules.aws_subnet.private_subnet2",
            "module.modules.aws_vpc.mainvpc"
          ]
        }
      ]
    },
    {
      "module": "module.ec2",
      "mode": "managed",
      "type": "aws_instance",
      "name": "public-instance-2",
      "provider": "provider[\"registry.terraform.io/hashicorp/aws\"]",
      "instances": [
        {
          "status": "tainted",
          "schema_version": 1,
          "attributes": {
            "ami": "ami-00874d747dde814fa",
            "arn": "arn:aws:ec2:us-east-1:979117655628:instance/i-0363509629e59e855",
            "associate_public_ip_address": true,
            "availability_zone": "us-east-1b",
            "capacity_reservation_specification": [
              {
                "capacity_reservation_preference": "open",
                "capacity_reservation_target": []
              }
            ],
            "cpu_core_count": 1,
            "cpu_threads_per_core": 1,
            "credit_specification": [
              {
                "cpu_credits": "standard"
              }
            ],
            "disable_api_stop": false,
            "disable_api_termination": false,
            "ebs_block_device": [],
            "ebs_optimized": false,
            "enclave_options": [
              {
                "enabled": false
              }
            ],
            "ephemeral_block_device": [],
            "get_password_data": false,
            "hibernation": false,
            "host_id": "",
            "host_resource_group_arn": null,
            "iam_instance_profile": "",
            "id": "i-0363509629e59e855",
            "instance_initiated_shutdown_behavior": "stop",
            "instance_state": "running",
            "instance_type": "t2.micro",
            "ipv6_address_count": 0,
            "ipv6_addresses": [],
            "key_name": "key",
            "launch_template": [],
            "maintenance_options": [
              {
                "auto_recovery": "default"
              }
            ],
            "metadata_options": [
              {
                "http_endpoint": "enabled",
                "http_put_response_hop_limit": 1,
                "http_tokens": "optional",
                "instance_metadata_tags": "disabled"
              }
            ],
            "monitoring": false,
            "network_interface": [],
            "outpost_arn": "",
            "password_data": "",
            "placement_group": "",
            "placement_partition_number": 0,
            "primary_network_interface_id": "eni-051f8f75756bacb10",
            "private_dns": "ip-10-0-1-147.ec2.internal",
            "private_dns_name_options": [
              {
                "enable_resource_name_dns_a_record": false,
                "enable_resource_name_dns_aaaa_record": false,
                "hostname_type": "ip-name"
              }
            ],
            "private_ip": "10.0.1.147",
            "public_dns": "ec2-34-205-92-17.compute-1.amazonaws.com",
            "public_ip": "34.205.92.17",
            "root_block_device": [
              {
                "delete_on_termination": true,
                "device_name": "/dev/sda1",
                "encrypted": false,
                "iops": 100,
                "kms_key_id": "",
                "tags": {},
                "throughput": 0,
                "volume_id": "vol-0268a2e66eafe6feb",
                "volume_size": 8,
                "volume_type": "gp2"
              }
            ],
            "secondary_private_ips": [],
            "security_groups": [],
            "source_dest_check": true,
            "subnet_id": "subnet-097f2685f7ba64af7",
            "tags": {
              "Name": "public-instance2"
            },
            "tags_all": {
              "Name": "public-instance2"
            },
            "tenancy": "default",
            "timeouts": null,
            "user_data": null,
            "user_data_base64": null,
            "user_data_replace_on_change": false,
            "volume_tags": null,
            "vpc_security_group_ids": [
              "sg-002399f1ab1aab0df"
            ]
          },
          "sensitive_attributes": [],
          "private": "eyJlMmJmYjczMC1lY2FhLTExZTYtOGY4OC0zNDM2M2JjN2M0YzAiOnsiY3JlYXRlIjo2MDAwMDAwMDAwMDAsImRlbGV0ZSI6MTIwMDAwMDAwMDAwMCwidXBkYXRlIjo2MDAwMDAwMDAwMDB9LCJzY2hlbWFfdmVyc2lvbiI6IjEifQ==",
          "dependencies": [
            "module.modules.aws_lb.private-lb",
            "module.modules.aws_security_group.secgroup",
            "module.modules.aws_subnet.public_subnet2"
          ]
        }
      ]
    },
    {
      "module": "module.ec2",
      "mode": "managed",
      "type": "aws_key_pair",
      "name": "key",
      "provider": "provider[\"registry.terraform.io/hashicorp/aws\"]",
      "instances": [
        {
          "schema_version": 1,
          "attributes": {
            "arn": "arn:aws:ec2:us-east-1:979117655628:key-pair/key",
            "fingerprint": "11:ad:c1:59:5d:3f:a6:5a:70:ea:2c:97:10:43:f0:05",
            "id": "key",
            "key_name": "key",
            "key_name_prefix": "",
            "key_pair_id": "key-0215b9ed641329863",
            "key_type": "rsa",
            "public_key": "ssh-rsa AAAAB3NzaC1yc2EAAAADAQABAAACAQDYCgxwR/yqLWIojzNtShBd5zVzx1TEi6xRQQMLhuhaFkzSsPBVVYPiUL332l/RKu2WueOEPzKZAY/l2yH59wha/xE7sglaPmgAMrK1Z/aUtXwonadJxFf5oSTuE7T6T2Psld+unCdukkMtnx3l19gNQyZWITaKcbDawXta8zN7inkIgxgU+yKMgAY47+/aMo/HO1jrk+1y26i9OsHKVPZnKwyjRvwQ1OrJAt3bgbFgutlG3+KIHAoHQ9MwJHEsLhWeF0TFWbv04WBC+iWR66p2qgx8anVOq3V8WThj3IhJ+qcKbBDULQjmJSAtXQElDHJ3DqlVKrx9lqNwKN8EADor2nlsTuA7wiTVKm009fsiXM3KcZJTROfrQkDSV9HKRHKItElOkClRdMz6lfiA5qhNwMfUAft4ltGheo7buYAvWFDraq4SaYD033p2muxi9zDpDue52w82BBVENofK4bc/37ziEF3Gj6+8NV0/j+YH0jFKN8OdliT3TTb48zlX6jzrekYciASS1dGt0dwOlYDDtF2PhdqlAdD1OM4yoINNp8S604AtgFbIInN0hpEGUrP3h20yNjxFKt1NZjFEloDGgWs9zAy465iz12HqAMldC5+OqzZoDdcpjo/z5kKrT/y1+eYiqa5PeOeVQPTaMc0i7nw7EoHqcSAZt85VOOL62w==",
            "tags": null,
            "tags_all": {}
          },
          "sensitive_attributes": [],
          "private": "eyJzY2hlbWFfdmVyc2lvbiI6IjEifQ==",
          "dependencies": [
            "module.ec2.tls_private_key.terraform_private_key"
          ]
        }
      ]
    },
    {
      "module": "module.ec2",
      "mode": "managed",
      "type": "tls_private_key",
      "name": "terraform_private_key",
      "provider": "provider[\"registry.terraform.io/hashicorp/tls\"]",
      "instances": [
        {
          "schema_version": 1,
          "attributes": {
            "algorithm": "RSA",
            "ecdsa_curve": "P224",
            "id": "0d8066d6158fd8cb9f30c57a74a8effa8e738118",
            "private_key_openssh": "-----BEGIN OPENSSH PRIVATE KEY-----\nb3BlbnNzaC1rZXktdjEAAAAABG5vbmUAAAAEbm9uZQAAAAAAAAABAAACFwAAAAdz\nc2gtcnNhAAAAAwEAAQAAAgEA2AoMcEf8qi1iKI8zbUoQXec1c8dUxIusUUEDC4bo\nWhZM0rDwVVWD4lC999pf0SrtlrnjhD8ymQGP5dsh+fcIWv8RO7IJWj5oADKytWf2\nlLV8KJ2nScRX+aEk7hO0+k9j7JXfrpwnbpJDLZ8d5dfYDUMmViE2inGw2sF7WvMz\ne4p5CIMYFPsijIAGOO/v2jKPxztY65PtctuovTrBylT2ZysMo0b8ENTqyQLd24Gx\nYLrZRt/iiBwKB0PTMCRxLC4VnhdExVm79OFgQvolkeuqdqoMfGp1Tqt1fFk4Y9yI\nSfqnCmwQ1C0I5iUgLV0BJQxydw6pVSq8fZajcCjfBAA6K9p5bE7gO8Ik1SptNPX7\nIlzNynGSU0Tn60JA0lfRykRyiLRJTpApUXTM+pX4gOaoTcDH1AH7eJbRoXqO27mA\nL1hQ62quEmmA9N96dprsYvcw6Q7nudsPNgQVRDaHyuG3P9+84hBdxo+vvDVdP4/m\nB9IxSjfDnZYk9002+PM5V+o863pGHIgEktXRrdHcDpWAw7Rdj4XapQHQ9TjOMqCD\nTafEutOALYBWyCJzdIaRBlKz94dtMjY8RSrdTWYxRJaAxoFrPcwMuOuYs9dh6gDJ\nXQufjqs2aA3XKY6P8+ZCq0/8tfnmIqmuT3jnlUD02jHNIu58OxKB6nEgGbfOVTji\n+tsAAAc4x75TQMe+U0AAAAAHc3NoLXJzYQAAAgEA2AoMcEf8qi1iKI8zbUoQXec1\nc8dUxIusUUEDC4boWhZM0rDwVVWD4lC999pf0SrtlrnjhD8ymQGP5dsh+fcIWv8R\nO7IJWj5oADKytWf2lLV8KJ2nScRX+aEk7hO0+k9j7JXfrpwnbpJDLZ8d5dfYDUMm\nViE2inGw2sF7WvMze4p5CIMYFPsijIAGOO/v2jKPxztY65PtctuovTrBylT2ZysM\no0b8ENTqyQLd24GxYLrZRt/iiBwKB0PTMCRxLC4VnhdExVm79OFgQvolkeuqdqoM\nfGp1Tqt1fFk4Y9yISfqnCmwQ1C0I5iUgLV0BJQxydw6pVSq8fZajcCjfBAA6K9p5\nbE7gO8Ik1SptNPX7IlzNynGSU0Tn60JA0lfRykRyiLRJTpApUXTM+pX4gOaoTcDH\n1AH7eJbRoXqO27mAL1hQ62quEmmA9N96dprsYvcw6Q7nudsPNgQVRDaHyuG3P9+8\n4hBdxo+vvDVdP4/mB9IxSjfDnZYk9002+PM5V+o863pGHIgEktXRrdHcDpWAw7Rd\nj4XapQHQ9TjOMqCDTafEutOALYBWyCJzdIaRBlKz94dtMjY8RSrdTWYxRJaAxoFr\nPcwMuOuYs9dh6gDJXQufjqs2aA3XKY6P8+ZCq0/8tfnmIqmuT3jnlUD02jHNIu58\nOxKB6nEgGbfOVTji+tsAAAADAQABAAACAQDM4Xq6YQq1OSUF4gibdMngxAxlKHyz\niOJ6jHUe0Wo5RTzF8xd5Vggk8P23uFl2PIflkZS7LlQF1v1ot1CZhjVeVtc5Dbbg\n5p4q0em5MEcg8Jw2yIyF4Lat/qzPO9E+MVxKWjgvl9etfPhIo8Xu26wBp9ULiaP3\n16opS6R4tHv2hXQTJoAIJcK2DBPam3GUNK81+opxn3BopPh5vOdbwweK/8CUeBVE\nwSeISjesnGpjmc/E7z4eZrj7+s6lsWnCxFGsA9Usc9VUfwiTfDd1E1IuB0agFzX4\nzZI1w0c/LT3zKsqPj7zF+4+c80h4vOMBB7TmQ/lC06y+TcXh8GDPooeGoMxCuss1\n7w5DbMfrhHkVkvZC/9nou4o+YnE9J3Lb6Dfr2MZFxWp3nqFHRA+qXvGxnGzWV7xu\nNq8D8YNJU8ZJh4ROLk62zAoT0h+ScL24ZYIQ0SO4om+znOzlQ+kKgLjiUuM7S9vs\nw6cV1mrj6XjREoKmdSabt7b41yoylK6AXKZ/A9us3Oj0uqCColITXo2GFbEKalCX\ncQaLp2ishYSSaCD0ZyBeq8lR/rWJbagGuvRm40BNogI5Uk4eowcAedXG8KwCnX3g\nyp4IoKubJEYnTOr5KdiGjhbjl235qxnsDxBQ2zhbQa3neDM/9IK8cnXuneDQl+ka\n4ZXVRmhDphhegQAAAQEA5ovZCLYhJN8iGagT3k9rfIq2W53CVubYaalLim5RY0cZ\nQ+nvu4tZRRZ2uT3N5SmvAG2dY5zpnAUI20JWZ0+O/+olpax66pJvI0erLyM9Aawu\n6uBMvgHSdBxi3j5LmJ+Kc6vHBiA456M+NxfUCGRguDw6lju8vvDSqsgZpBNPXj/R\nNZgaHlQElwDBIK1SPPoDrR2zyiFqq6pUQ0Y51NG7cWUxXkzfTo42QLL800LJyvHd\ng0vQETT0WIOc+rtaGTxw8z4zntMIpUeCIlONMFXmRdQJesgqkJBqnSAvNBEC8qHw\nb4CTbMstt1JmeIJXl8LTlfXBFhgIEq+cI7RboZeJ4gAAAQEA9Wj7vDgJdg3z/Og4\nEacUN9twMceVuRf14m8TkAUW8y45eVRPuGV2KDOjPxO/uKMMIOw2enuJ5j4xPglw\nE+YU4dyrJSiIvMUSnMF4J/DkAwa0s9v/t0oMt/zL+vozYjp3T+CSd4ohviUbSUM4\nkv071ap6x18IizUh4ZgDL8TP1NJhSwhdqVYW0T2Aogbj3SK54Ydq7zymJgKlU1Is\neKUIonuvCyG/lnSQE1tpx8LlA+9Ziz8u8iak+upkX7NM/XnDYH8Y2+DYMYWGop6U\ncbM06mXXtyPIM+ijMR/9De3s+95GZ3gwhbO19v2Asmm/QKNQQWGLbLGhMZ1dtrnP\nPXWiqQAAAQEA4Vyb6HAtDHFaqEhr/HZ7KgFjBaU0zts4T/ihL+0cYxPrhCqdD4Sa\nHd6+4khflU6BU8/wapcBwX3PukRlQhcRA8JKJXCPQ+D0brtY/55e0BKmrx6I+9Tj\nH99jgLmnicEcvMiUmeJnTMOg5kyZJIfPZlGGFwH0cbOQKgCFqs2UIYOZyzjug+jE\n0200yXdMMkBMCvTabweyVrCz0E/R5vMHg4qiPSEVMO1VMBz7790rvbPnNGX18axl\n4KMQoNize85/S9Anqr2YqPHqSXjZInkg1blo1qxO9gzEc9aBNC9Y1YBVwaTZayY5\nABt5UsqQ2p1hHBZPU9s26n4xGKaOSuwn4wAAAAAB\n-----END OPENSSH PRIVATE KEY-----\n",
            "private_key_pem": "-----BEGIN RSA PRIVATE KEY-----\nMIIJKgIBAAKCAgEA2AoMcEf8qi1iKI8zbUoQXec1c8dUxIusUUEDC4boWhZM0rDw\nVVWD4lC999pf0SrtlrnjhD8ymQGP5dsh+fcIWv8RO7IJWj5oADKytWf2lLV8KJ2n\nScRX+aEk7hO0+k9j7JXfrpwnbpJDLZ8d5dfYDUMmViE2inGw2sF7WvMze4p5CIMY\nFPsijIAGOO/v2jKPxztY65PtctuovTrBylT2ZysMo0b8ENTqyQLd24GxYLrZRt/i\niBwKB0PTMCRxLC4VnhdExVm79OFgQvolkeuqdqoMfGp1Tqt1fFk4Y9yISfqnCmwQ\n1C0I5iUgLV0BJQxydw6pVSq8fZajcCjfBAA6K9p5bE7gO8Ik1SptNPX7IlzNynGS\nU0Tn60JA0lfRykRyiLRJTpApUXTM+pX4gOaoTcDH1AH7eJbRoXqO27mAL1hQ62qu\nEmmA9N96dprsYvcw6Q7nudsPNgQVRDaHyuG3P9+84hBdxo+vvDVdP4/mB9IxSjfD\nnZYk9002+PM5V+o863pGHIgEktXRrdHcDpWAw7Rdj4XapQHQ9TjOMqCDTafEutOA\nLYBWyCJzdIaRBlKz94dtMjY8RSrdTWYxRJaAxoFrPcwMuOuYs9dh6gDJXQufjqs2\naA3XKY6P8+ZCq0/8tfnmIqmuT3jnlUD02jHNIu58OxKB6nEgGbfOVTji+tsCAwEA\nAQKCAgEAzOF6umEKtTklBeIIm3TJ4MQMZSh8s4jieox1HtFqOUU8xfMXeVYIJPD9\nt7hZdjyH5ZGUuy5UBdb9aLdQmYY1XlbXOQ224OaeKtHpuTBHIPCcNsiMheC2rf6s\nzzvRPjFcSlo4L5fXrXz4SKPF7tusAafVC4mj99eqKUukeLR79oV0EyaACCXCtgwT\n2ptxlDSvNfqKcZ9waKT4ebznW8MHiv/AlHgVRMEniEo3rJxqY5nPxO8+Hma4+/rO\npbFpwsRRrAPVLHPVVH8Ik3w3dRNSLgdGoBc1+M2SNcNHPy098yrKj4+8xfuPnPNI\neLzjAQe05kP5QtOsvk3F4fBgz6KHhqDMQrrLNe8OQ2zH64R5FZL2Qv/Z6LuKPmJx\nPSdy2+g369jGRcVqd56hR0QPql7xsZxs1le8bjavA/GDSVPGSYeETi5OtswKE9If\nknC9uGWCENEjuKJvs5zs5UPpCoC44lLjO0vb7MOnFdZq4+l40RKCpnUmm7e2+Ncq\nMpSugFymfwPbrNzo9LqggqJSE16NhhWxCmpQl3EGi6dorIWEkmgg9GcgXqvJUf61\niW2oBrr0ZuNATaICOVJOHqMHAHnVxvCsAp194MqeCKCrmyRGJ0zq+SnYho4W45dt\n+asZ7A8QUNs4W0Gt53gzP/SCvHJ17p3g0JfpGuGV1UZoQ6YYXoECggEBAPVo+7w4\nCXYN8/zoOBGnFDfbcDHHlbkX9eJvE5AFFvMuOXlUT7hldigzoz8Tv7ijDCDsNnp7\nieY+MT4JcBPmFOHcqyUoiLzFEpzBeCfw5AMGtLPb/7dKDLf8y/r6M2I6d0/gkneK\nIb4lG0lDOJL9O9WqesdfCIs1IeGYAy/Ez9TSYUsIXalWFtE9gKIG490iueGHau88\npiYCpVNSLHilCKJ7rwshv5Z0kBNbacfC5QPvWYs/LvImpPrqZF+zTP15w2B/GNvg\n2DGFhqKelHGzNOpl17cjyDPoozEf/Q3t7PveRmd4MIWztfb9gLJpv0CjUEFhi2yx\noTGdXba5zz11oqkCggEBAOFcm+hwLQxxWqhIa/x2eyoBYwWlNM7bOE/4oS/tHGMT\n64QqnQ+Emh3evuJIX5VOgVPP8GqXAcF9z7pEZUIXEQPCSiVwj0Pg9G67WP+eXtAS\npq8eiPvU4x/fY4C5p4nBHLzIlJniZ0zDoOZMmSSHz2ZRhhcB9HGzkCoAharNlCGD\nmcs47oPoxNNtNMl3TDJATAr02m8Hslaws9BP0ebzB4OKoj0hFTDtVTAc++/dK72z\n5zRl9fGsZeCjEKDYs3vOf0vQJ6q9mKjx6kl42SJ5INW5aNasTvYMxHPWgTQvWNWA\nVcGk2WsmOQAbeVLKkNqdYRwWT1PbNup+MRimjkrsJ+MCggEBAL1lAjJmRNb5Ob2L\nMgpdmXrqPZINZ/1rAnZ4Ju7VHrsah3ydltDGbQPlpiz9/s5t9uRJqFmqkehBQxuP\niRGyVZdiCCsrNywII68amLKqdC3ptPfB5337BgnQbVQKWDGM0ZuxwxfCYPwwAvjt\nifHWwaDKausG6r8UiEtkV8E78PFcU33mvPH84Ksm/ekNzDlTnYTyT5LGiat4C0Nc\nfbm2FA3hylua9hMVbkOiHubuAHSi+cY/Quna7SRAVKqO4/ITULdeHz9CLVc6p4dF\nP2boWQQ1CN/sG4wEFD3LZC6l2mkfR9J+rWPiJ6KwTexjNBiccUmkEEgYZkC2JCbr\nC4dxC9ECggEAGnQxhPZuA1DnEGv36RnLWWHySr5a1ZFcKd8IpMSTmXnEIq6R4zlw\nkeMMyykttywQ+FKnaQuy1BC9qqLOtBRbFfLfm0d8Ob6VUs5BIzhm7svRryrJb65M\nvvgNCRZB+WSmx+5Pq0StVZB9OatyKpyaluso71h2ZkZqvNN03Vjmc4ysJ/PV47wW\nJq9iC+gqFJgBlSOq5G+l2pFBekl0XUTX8/P5GW3hu+2QG2a7mCuBL/KHSFpTpXvU\nNatOj2MApp7VyIN1tJAu9F35X4iFDIvlc9Eg4lo1pqJXCTX70rFgHyfCaUm9j9tb\nw4x2EGbg3BivRonD5BcOejY38ynR+C+CewKCAQEA5ovZCLYhJN8iGagT3k9rfIq2\nW53CVubYaalLim5RY0cZQ+nvu4tZRRZ2uT3N5SmvAG2dY5zpnAUI20JWZ0+O/+ol\npax66pJvI0erLyM9Aawu6uBMvgHSdBxi3j5LmJ+Kc6vHBiA456M+NxfUCGRguDw6\nlju8vvDSqsgZpBNPXj/RNZgaHlQElwDBIK1SPPoDrR2zyiFqq6pUQ0Y51NG7cWUx\nXkzfTo42QLL800LJyvHdg0vQETT0WIOc+rtaGTxw8z4zntMIpUeCIlONMFXmRdQJ\nesgqkJBqnSAvNBEC8qHwb4CTbMstt1JmeIJXl8LTlfXBFhgIEq+cI7RboZeJ4g==\n-----END RSA PRIVATE KEY-----\n",
            "private_key_pem_pkcs8": "-----BEGIN PRIVATE KEY-----\nMIIJRAIBADANBgkqhkiG9w0BAQEFAASCCS4wggkqAgEAAoICAQDYCgxwR/yqLWIo\njzNtShBd5zVzx1TEi6xRQQMLhuhaFkzSsPBVVYPiUL332l/RKu2WueOEPzKZAY/l\n2yH59wha/xE7sglaPmgAMrK1Z/aUtXwonadJxFf5oSTuE7T6T2Psld+unCdukkMt\nnx3l19gNQyZWITaKcbDawXta8zN7inkIgxgU+yKMgAY47+/aMo/HO1jrk+1y26i9\nOsHKVPZnKwyjRvwQ1OrJAt3bgbFgutlG3+KIHAoHQ9MwJHEsLhWeF0TFWbv04WBC\n+iWR66p2qgx8anVOq3V8WThj3IhJ+qcKbBDULQjmJSAtXQElDHJ3DqlVKrx9lqNw\nKN8EADor2nlsTuA7wiTVKm009fsiXM3KcZJTROfrQkDSV9HKRHKItElOkClRdMz6\nlfiA5qhNwMfUAft4ltGheo7buYAvWFDraq4SaYD033p2muxi9zDpDue52w82BBVE\nNofK4bc/37ziEF3Gj6+8NV0/j+YH0jFKN8OdliT3TTb48zlX6jzrekYciASS1dGt\n0dwOlYDDtF2PhdqlAdD1OM4yoINNp8S604AtgFbIInN0hpEGUrP3h20yNjxFKt1N\nZjFEloDGgWs9zAy465iz12HqAMldC5+OqzZoDdcpjo/z5kKrT/y1+eYiqa5PeOeV\nQPTaMc0i7nw7EoHqcSAZt85VOOL62wIDAQABAoICAQDM4Xq6YQq1OSUF4gibdMng\nxAxlKHyziOJ6jHUe0Wo5RTzF8xd5Vggk8P23uFl2PIflkZS7LlQF1v1ot1CZhjVe\nVtc5Dbbg5p4q0em5MEcg8Jw2yIyF4Lat/qzPO9E+MVxKWjgvl9etfPhIo8Xu26wB\np9ULiaP316opS6R4tHv2hXQTJoAIJcK2DBPam3GUNK81+opxn3BopPh5vOdbwweK\n/8CUeBVEwSeISjesnGpjmc/E7z4eZrj7+s6lsWnCxFGsA9Usc9VUfwiTfDd1E1Iu\nB0agFzX4zZI1w0c/LT3zKsqPj7zF+4+c80h4vOMBB7TmQ/lC06y+TcXh8GDPooeG\noMxCuss17w5DbMfrhHkVkvZC/9nou4o+YnE9J3Lb6Dfr2MZFxWp3nqFHRA+qXvGx\nnGzWV7xuNq8D8YNJU8ZJh4ROLk62zAoT0h+ScL24ZYIQ0SO4om+znOzlQ+kKgLji\nUuM7S9vsw6cV1mrj6XjREoKmdSabt7b41yoylK6AXKZ/A9us3Oj0uqCColITXo2G\nFbEKalCXcQaLp2ishYSSaCD0ZyBeq8lR/rWJbagGuvRm40BNogI5Uk4eowcAedXG\n8KwCnX3gyp4IoKubJEYnTOr5KdiGjhbjl235qxnsDxBQ2zhbQa3neDM/9IK8cnXu\nneDQl+ka4ZXVRmhDphhegQKCAQEA9Wj7vDgJdg3z/Og4EacUN9twMceVuRf14m8T\nkAUW8y45eVRPuGV2KDOjPxO/uKMMIOw2enuJ5j4xPglwE+YU4dyrJSiIvMUSnMF4\nJ/DkAwa0s9v/t0oMt/zL+vozYjp3T+CSd4ohviUbSUM4kv071ap6x18IizUh4ZgD\nL8TP1NJhSwhdqVYW0T2Aogbj3SK54Ydq7zymJgKlU1IseKUIonuvCyG/lnSQE1tp\nx8LlA+9Ziz8u8iak+upkX7NM/XnDYH8Y2+DYMYWGop6UcbM06mXXtyPIM+ijMR/9\nDe3s+95GZ3gwhbO19v2Asmm/QKNQQWGLbLGhMZ1dtrnPPXWiqQKCAQEA4Vyb6HAt\nDHFaqEhr/HZ7KgFjBaU0zts4T/ihL+0cYxPrhCqdD4SaHd6+4khflU6BU8/wapcB\nwX3PukRlQhcRA8JKJXCPQ+D0brtY/55e0BKmrx6I+9TjH99jgLmnicEcvMiUmeJn\nTMOg5kyZJIfPZlGGFwH0cbOQKgCFqs2UIYOZyzjug+jE0200yXdMMkBMCvTabwey\nVrCz0E/R5vMHg4qiPSEVMO1VMBz7790rvbPnNGX18axl4KMQoNize85/S9Anqr2Y\nqPHqSXjZInkg1blo1qxO9gzEc9aBNC9Y1YBVwaTZayY5ABt5UsqQ2p1hHBZPU9s2\n6n4xGKaOSuwn4wKCAQEAvWUCMmZE1vk5vYsyCl2Zeuo9kg1n/WsCdngm7tUeuxqH\nfJ2W0MZtA+WmLP3+zm325EmoWaqR6EFDG4+JEbJVl2IIKys3LAgjrxqYsqp0Lem0\n98HnffsGCdBtVApYMYzRm7HDF8Jg/DAC+O2J8dbBoMpq6wbqvxSIS2RXwTvw8VxT\nfea88fzgqyb96Q3MOVOdhPJPksaJq3gLQ1x9ubYUDeHKW5r2ExVuQ6Ie5u4AdKL5\nxj9C6drtJEBUqo7j8hNQt14fP0ItVzqnh0U/ZuhZBDUI3+wbjAQUPctkLqXaaR9H\n0n6tY+InorBN7GM0GJxxSaQQSBhmQLYkJusLh3EL0QKCAQAadDGE9m4DUOcQa/fp\nGctZYfJKvlrVkVwp3wikxJOZecQirpHjOXCR4wzLKS23LBD4UqdpC7LUEL2qos60\nFFsV8t+bR3w5vpVSzkEjOGbuy9GvKslvrky++A0JFkH5ZKbH7k+rRK1VkH05q3Iq\nnJqW6yjvWHZmRmq803TdWOZzjKwn89XjvBYmr2IL6CoUmAGVI6rkb6XakUF6SXRd\nRNfz8/kZbeG77ZAbZruYK4Ev8odIWlOle9Q1q06PYwCmntXIg3W0kC70XflfiIUM\ni+Vz0SDiWjWmolcJNfvSsWAfJ8JpSb2P21vDjHYQZuDcGK9GicPkFw56NjfzKdH4\nL4J7AoIBAQDmi9kItiEk3yIZqBPeT2t8irZbncJW5thpqUuKblFjRxlD6e+7i1lF\nFna5Pc3lKa8AbZ1jnOmcBQjbQlZnT47/6iWlrHrqkm8jR6svIz0BrC7q4Ey+AdJ0\nHGLePkuYn4pzq8cGIDjnoz43F9QIZGC4PDqWO7y+8NKqyBmkE09eP9E1mBoeVASX\nAMEgrVI8+gOtHbPKIWqrqlRDRjnU0btxZTFeTN9OjjZAsvzTQsnK8d2DS9ARNPRY\ng5z6u1oZPHDzPjOe0wilR4IiU40wVeZF1Al6yCqQkGqdIC80EQLyofBvgJNsyy23\nUmZ4gleXwtOV9cEWGAgSr5wjtFuhl4ni\n-----END PRIVATE KEY-----\n",
            "public_key_fingerprint_md5": "dd:20:ba:7d:e9:a0:c1:db:65:af:f8:7b:a5:e2:21:cc",
            "public_key_fingerprint_sha256": "SHA256:3z1uYWN9xyIKcbhJ8d2hKHUVlKaGAth+dL8dmDVXhY8",
            "public_key_openssh": "ssh-rsa AAAAB3NzaC1yc2EAAAADAQABAAACAQDYCgxwR/yqLWIojzNtShBd5zVzx1TEi6xRQQMLhuhaFkzSsPBVVYPiUL332l/RKu2WueOEPzKZAY/l2yH59wha/xE7sglaPmgAMrK1Z/aUtXwonadJxFf5oSTuE7T6T2Psld+unCdukkMtnx3l19gNQyZWITaKcbDawXta8zN7inkIgxgU+yKMgAY47+/aMo/HO1jrk+1y26i9OsHKVPZnKwyjRvwQ1OrJAt3bgbFgutlG3+KIHAoHQ9MwJHEsLhWeF0TFWbv04WBC+iWR66p2qgx8anVOq3V8WThj3IhJ+qcKbBDULQjmJSAtXQElDHJ3DqlVKrx9lqNwKN8EADor2nlsTuA7wiTVKm009fsiXM3KcZJTROfrQkDSV9HKRHKItElOkClRdMz6lfiA5qhNwMfUAft4ltGheo7buYAvWFDraq4SaYD033p2muxi9zDpDue52w82BBVENofK4bc/37ziEF3Gj6+8NV0/j+YH0jFKN8OdliT3TTb48zlX6jzrekYciASS1dGt0dwOlYDDtF2PhdqlAdD1OM4yoINNp8S604AtgFbIInN0hpEGUrP3h20yNjxFKt1NZjFEloDGgWs9zAy465iz12HqAMldC5+OqzZoDdcpjo/z5kKrT/y1+eYiqa5PeOeVQPTaMc0i7nw7EoHqcSAZt85VOOL62w==\n",
            "public_key_pem": "-----BEGIN PUBLIC KEY-----\nMIICIjANBgkqhkiG9w0BAQEFAAOCAg8AMIICCgKCAgEA2AoMcEf8qi1iKI8zbUoQ\nXec1c8dUxIusUUEDC4boWhZM0rDwVVWD4lC999pf0SrtlrnjhD8ymQGP5dsh+fcI\nWv8RO7IJWj5oADKytWf2lLV8KJ2nScRX+aEk7hO0+k9j7JXfrpwnbpJDLZ8d5dfY\nDUMmViE2inGw2sF7WvMze4p5CIMYFPsijIAGOO/v2jKPxztY65PtctuovTrBylT2\nZysMo0b8ENTqyQLd24GxYLrZRt/iiBwKB0PTMCRxLC4VnhdExVm79OFgQvolkeuq\ndqoMfGp1Tqt1fFk4Y9yISfqnCmwQ1C0I5iUgLV0BJQxydw6pVSq8fZajcCjfBAA6\nK9p5bE7gO8Ik1SptNPX7IlzNynGSU0Tn60JA0lfRykRyiLRJTpApUXTM+pX4gOao\nTcDH1AH7eJbRoXqO27mAL1hQ62quEmmA9N96dprsYvcw6Q7nudsPNgQVRDaHyuG3\nP9+84hBdxo+vvDVdP4/mB9IxSjfDnZYk9002+PM5V+o863pGHIgEktXRrdHcDpWA\nw7Rdj4XapQHQ9TjOMqCDTafEutOALYBWyCJzdIaRBlKz94dtMjY8RSrdTWYxRJaA\nxoFrPcwMuOuYs9dh6gDJXQufjqs2aA3XKY6P8+ZCq0/8tfnmIqmuT3jnlUD02jHN\nIu58OxKB6nEgGbfOVTji+tsCAwEAAQ==\n-----END PUBLIC KEY-----\n",
            "rsa_bits": 4096
          },
          "sensitive_attributes": []
        }
      ]
    },
    {
      "module": "module.modules",
      "mode": "managed",
      "type": "aws_eip",
      "name": "eip",
      "provider": "provider[\"registry.terraform.io/hashicorp/aws\"]",
      "instances": [
        {
          "schema_version": 0,
          "attributes": {
            "address": null,
            "allocation_id": "eipalloc-0fc37539f178f297a",
            "associate_with_private_ip": null,
            "association_id": "eipassoc-0f344907e435fe589",
            "carrier_ip": "",
            "customer_owned_ip": "",
            "customer_owned_ipv4_pool": "",
            "domain": "vpc",
            "id": "eipalloc-0fc37539f178f297a",
            "instance": "",
            "network_border_group": "us-east-1",
            "network_interface": "eni-01a645196a3ca4668",
            "private_dns": "ip-10-0-0-233.ec2.internal",
            "private_ip": "10.0.0.233",
            "public_dns": "ec2-44-209-142-200.compute-1.amazonaws.com",
            "public_ip": "44.209.142.200",
            "public_ipv4_pool": "amazon",
            "tags": {},
            "tags_all": {},
            "timeouts": null,
            "vpc": true
          },
          "sensitive_attributes": [],
          "private": "eyJlMmJmYjczMC1lY2FhLTExZTYtOGY4OC0zNDM2M2JjN2M0YzAiOnsiZGVsZXRlIjoxODAwMDAwMDAwMDAsInJlYWQiOjkwMDAwMDAwMDAwMCwidXBkYXRlIjozMDAwMDAwMDAwMDB9fQ=="
        }
      ]
    },
    {
      "module": "module.modules",
      "mode": "managed",
      "type": "aws_internet_gateway",
      "name": "igw",
      "provider": "provider[\"registry.terraform.io/hashicorp/aws\"]",
      "instances": [
        {
          "schema_version": 0,
          "attributes": {
            "arn": "arn:aws:ec2:us-east-1:979117655628:internet-gateway/igw-0c3177789b31b3f49",
            "id": "igw-0c3177789b31b3f49",
            "owner_id": "979117655628",
            "tags": {
              "Name": "igw"
            },
            "tags_all": {
              "Name": "igw"
            },
            "timeouts": null,
            "vpc_id": "vpc-0dc380842cb5f6989"
          },
          "sensitive_attributes": [],
          "private": "eyJlMmJmYjczMC1lY2FhLTExZTYtOGY4OC0zNDM2M2JjN2M0YzAiOnsiY3JlYXRlIjoxMjAwMDAwMDAwMDAwLCJkZWxldGUiOjEyMDAwMDAwMDAwMDAsInVwZGF0ZSI6MTIwMDAwMDAwMDAwMH19",
          "dependencies": [
            "module.modules.aws_vpc.mainvpc"
          ]
        }
      ]
    },
    {
      "module": "module.modules",
      "mode": "managed",
      "type": "aws_lb",
      "name": "private-lb",
      "provider": "provider[\"registry.terraform.io/hashicorp/aws\"]",
      "instances": [
        {
          "schema_version": 0,
          "attributes": {
            "access_logs": [
              {
                "bucket": "",
                "enabled": false,
                "prefix": ""
              }
            ],
            "arn": "arn:aws:elasticloadbalancing:us-east-1:979117655628:loadbalancer/app/priv-lb/4a5b02e46d63488b",
            "arn_suffix": "app/priv-lb/4a5b02e46d63488b",
            "customer_owned_ipv4_pool": "",
            "desync_mitigation_mode": "defensive",
            "dns_name": "internal-priv-lb-1628999214.us-east-1.elb.amazonaws.com",
            "drop_invalid_header_fields": false,
            "enable_cross_zone_load_balancing": true,
            "enable_deletion_protection": false,
            "enable_http2": true,
            "enable_waf_fail_open": false,
            "id": "arn:aws:elasticloadbalancing:us-east-1:979117655628:loadbalancer/app/priv-lb/4a5b02e46d63488b",
            "idle_timeout": 60,
            "internal": true,
            "ip_address_type": "ipv4",
            "load_balancer_type": "application",
            "name": "priv-lb",
            "name_prefix": null,
            "preserve_host_header": false,
            "security_groups": [
              "sg-002399f1ab1aab0df"
            ],
            "subnet_mapping": [
              {
                "allocation_id": "",
                "ipv6_address": "",
                "outpost_id": "",
                "private_ipv4_address": "",
                "subnet_id": "subnet-034a2e7ca460f40c9"
              },
              {
                "allocation_id": "",
                "ipv6_address": "",
                "outpost_id": "",
                "private_ipv4_address": "",
                "subnet_id": "subnet-09d4b0a624d1e11ae"
              }
            ],
            "subnets": [
              "subnet-034a2e7ca460f40c9",
              "subnet-09d4b0a624d1e11ae"
            ],
            "tags": {
              "Name": "private-lb"
            },
            "tags_all": {
              "Name": "private-lb"
            },
            "timeouts": null,
            "vpc_id": "vpc-0dc380842cb5f6989",
            "zone_id": "Z35SXDOTRQ7X7K"
          },
          "sensitive_attributes": [],
          "private": "eyJlMmJmYjczMC1lY2FhLTExZTYtOGY4OC0zNDM2M2JjN2M0YzAiOnsiY3JlYXRlIjo2MDAwMDAwMDAwMDAsImRlbGV0ZSI6NjAwMDAwMDAwMDAwLCJ1cGRhdGUiOjYwMDAwMDAwMDAwMH19",
          "dependencies": [
            "module.modules.aws_security_group.secgroup",
            "module.modules.aws_subnet.private_subnet1",
            "module.modules.aws_subnet.private_subnet2",
            "module.modules.aws_vpc.mainvpc"
          ]
        }
      ]
    },
    {
      "module": "module.modules",
      "mode": "managed",
      "type": "aws_lb",
      "name": "public-lb",
      "provider": "provider[\"registry.terraform.io/hashicorp/aws\"]",
      "instances": [
        {
          "schema_version": 0,
          "attributes": {
            "access_logs": [
              {
                "bucket": "",
                "enabled": false,
                "prefix": ""
              }
            ],
            "arn": "arn:aws:elasticloadbalancing:us-east-1:979117655628:loadbalancer/app/pub-lb/9acf22ea911a04b7",
            "arn_suffix": "app/pub-lb/9acf22ea911a04b7",
            "customer_owned_ipv4_pool": "",
            "desync_mitigation_mode": "defensive",
            "dns_name": "pub-lb-611201331.us-east-1.elb.amazonaws.com",
            "drop_invalid_header_fields": false,
            "enable_cross_zone_load_balancing": true,
            "enable_deletion_protection": false,
            "enable_http2": true,
            "enable_waf_fail_open": false,
            "id": "arn:aws:elasticloadbalancing:us-east-1:979117655628:loadbalancer/app/pub-lb/9acf22ea911a04b7",
            "idle_timeout": 60,
            "internal": false,
            "ip_address_type": "ipv4",
            "load_balancer_type": "application",
            "name": "pub-lb",
            "name_prefix": null,
            "preserve_host_header": false,
            "security_groups": [
              "sg-002399f1ab1aab0df"
            ],
            "subnet_mapping": [
              {
                "allocation_id": "",
                "ipv6_address": "",
                "outpost_id": "",
                "private_ipv4_address": "",
                "subnet_id": "subnet-02e17d6a5e7c5ec7c"
              },
              {
                "allocation_id": "",
                "ipv6_address": "",
                "outpost_id": "",
                "private_ipv4_address": "",
                "subnet_id": "subnet-097f2685f7ba64af7"
              }
            ],
            "subnets": [
              "subnet-02e17d6a5e7c5ec7c",
              "subnet-097f2685f7ba64af7"
            ],
            "tags": {
              "Name": "public-lb"
            },
            "tags_all": {
              "Name": "public-lb"
            },
            "timeouts": null,
            "vpc_id": "vpc-0dc380842cb5f6989",
            "zone_id": "Z35SXDOTRQ7X7K"
          },
          "sensitive_attributes": [],
          "private": "eyJlMmJmYjczMC1lY2FhLTExZTYtOGY4OC0zNDM2M2JjN2M0YzAiOnsiY3JlYXRlIjo2MDAwMDAwMDAwMDAsImRlbGV0ZSI6NjAwMDAwMDAwMDAwLCJ1cGRhdGUiOjYwMDAwMDAwMDAwMH19",
          "dependencies": [
            "module.modules.aws_security_group.secgroup",
            "module.modules.aws_subnet.public_subnet1",
            "module.modules.aws_subnet.public_subnet2",
            "module.modules.aws_vpc.mainvpc"
          ]
        }
      ]
    },
    {
      "module": "module.modules",
      "mode": "managed",
      "type": "aws_lb_listener",
      "name": "listener",
      "provider": "provider[\"registry.terraform.io/hashicorp/aws\"]",
      "instances": [
        {
          "schema_version": 0,
          "attributes": {
            "alpn_policy": null,
            "arn": "arn:aws:elasticloadbalancing:us-east-1:979117655628:listener/app/pub-lb/9acf22ea911a04b7/40612b692915365d",
            "certificate_arn": null,
            "default_action": [
              {
                "authenticate_cognito": [],
                "authenticate_oidc": [],
                "fixed_response": [],
                "forward": [],
                "order": 1,
                "redirect": [],
                "target_group_arn": "arn:aws:elasticloadbalancing:us-east-1:979117655628:targetgroup/pub-targetGroup/a084f6893eb2045a",
                "type": "forward"
              }
            ],
            "id": "arn:aws:elasticloadbalancing:us-east-1:979117655628:listener/app/pub-lb/9acf22ea911a04b7/40612b692915365d",
            "load_balancer_arn": "arn:aws:elasticloadbalancing:us-east-1:979117655628:loadbalancer/app/pub-lb/9acf22ea911a04b7",
            "port": 80,
            "protocol": "HTTP",
            "ssl_policy": "",
            "tags": {},
            "tags_all": {},
            "timeouts": null
          },
          "sensitive_attributes": [],
          "private": "eyJlMmJmYjczMC1lY2FhLTExZTYtOGY4OC0zNDM2M2JjN2M0YzAiOnsicmVhZCI6NjAwMDAwMDAwMDAwfX0=",
          "dependencies": [
            "module.modules.aws_lb.public-lb",
            "module.modules.aws_lb_target_group.publicgroup",
            "module.modules.aws_security_group.secgroup",
            "module.modules.aws_subnet.public_subnet1",
            "module.modules.aws_subnet.public_subnet2",
            "module.modules.aws_vpc.mainvpc"
          ]
        }
      ]
    },
    {
      "module": "module.modules",
      "mode": "managed",
      "type": "aws_lb_listener",
      "name": "listener1",
      "provider": "provider[\"registry.terraform.io/hashicorp/aws\"]",
      "instances": [
        {
          "schema_version": 0,
          "attributes": {
            "alpn_policy": null,
            "arn": "arn:aws:elasticloadbalancing:us-east-1:979117655628:listener/app/priv-lb/4a5b02e46d63488b/3f8c2b878a5c5b7e",
            "certificate_arn": null,
            "default_action": [
              {
                "authenticate_cognito": [],
                "authenticate_oidc": [],
                "fixed_response": [],
                "forward": [],
                "order": 1,
                "redirect": [],
                "target_group_arn": "arn:aws:elasticloadbalancing:us-east-1:979117655628:targetgroup/private-target-Group/fa851d583593e619",
                "type": "forward"
              }
            ],
            "id": "arn:aws:elasticloadbalancing:us-east-1:979117655628:listener/app/priv-lb/4a5b02e46d63488b/3f8c2b878a5c5b7e",
            "load_balancer_arn": "arn:aws:elasticloadbalancing:us-east-1:979117655628:loadbalancer/app/priv-lb/4a5b02e46d63488b",
            "port": 80,
            "protocol": "HTTP",
            "ssl_policy": "",
            "tags": {},
            "tags_all": {},
            "timeouts": null
          },
          "sensitive_attributes": [],
          "private": "eyJlMmJmYjczMC1lY2FhLTExZTYtOGY4OC0zNDM2M2JjN2M0YzAiOnsicmVhZCI6NjAwMDAwMDAwMDAwfX0=",
          "dependencies": [
            "module.modules.aws_lb.private-lb",
            "module.modules.aws_lb_target_group.privategroup",
            "module.modules.aws_security_group.secgroup",
            "module.modules.aws_subnet.private_subnet1",
            "module.modules.aws_subnet.private_subnet2",
            "module.modules.aws_vpc.mainvpc"
          ]
        }
      ]
    },
    {
      "module": "module.modules",
      "mode": "managed",
      "type": "aws_lb_target_group",
      "name": "privategroup",
      "provider": "provider[\"registry.terraform.io/hashicorp/aws\"]",
      "instances": [
        {
          "schema_version": 0,
          "attributes": {
            "arn": "arn:aws:elasticloadbalancing:us-east-1:979117655628:targetgroup/private-target-Group/fa851d583593e619",
            "arn_suffix": "targetgroup/private-target-Group/fa851d583593e619",
            "connection_termination": false,
            "deregistration_delay": "300",
            "health_check": [
              {
                "enabled": true,
                "healthy_threshold": 5,
                "interval": 30,
                "matcher": "200",
                "path": "/",
                "port": "traffic-port",
                "protocol": "HTTP",
                "timeout": 5,
                "unhealthy_threshold": 2
              }
            ],
            "id": "arn:aws:elasticloadbalancing:us-east-1:979117655628:targetgroup/private-target-Group/fa851d583593e619",
            "ip_address_type": "ipv4",
            "lambda_multi_value_headers_enabled": false,
            "load_balancing_algorithm_type": "round_robin",
            "name": "private-target-Group",
            "name_prefix": null,
            "port": 80,
            "preserve_client_ip": null,
            "protocol": "HTTP",
            "protocol_version": "HTTP1",
            "proxy_protocol_v2": false,
            "slow_start": 0,
            "stickiness": [
              {
                "cookie_duration": 86400,
                "cookie_name": "",
                "enabled": false,
                "type": "lb_cookie"
              }
            ],
            "tags": {
              "Name": "private-target-group"
            },
            "tags_all": {
              "Name": "private-target-group"
            },
            "target_failover": [
              {
                "on_deregistration": null,
                "on_unhealthy": null
              }
            ],
            "target_type": "instance",
            "vpc_id": "vpc-0dc380842cb5f6989"
          },
          "sensitive_attributes": [],
          "private": "bnVsbA==",
          "dependencies": [
            "module.modules.aws_vpc.mainvpc"
          ]
        }
      ]
    },
    {
      "module": "module.modules",
      "mode": "managed",
      "type": "aws_lb_target_group",
      "name": "publicgroup",
      "provider": "provider[\"registry.terraform.io/hashicorp/aws\"]",
      "instances": [
        {
          "schema_version": 0,
          "attributes": {
            "arn": "arn:aws:elasticloadbalancing:us-east-1:979117655628:targetgroup/pub-targetGroup/a084f6893eb2045a",
            "arn_suffix": "targetgroup/pub-targetGroup/a084f6893eb2045a",
            "connection_termination": false,
            "deregistration_delay": "300",
            "health_check": [
              {
                "enabled": true,
                "healthy_threshold": 5,
                "interval": 30,
                "matcher": "200",
                "path": "/",
                "port": "traffic-port",
                "protocol": "HTTP",
                "timeout": 5,
                "unhealthy_threshold": 2
              }
            ],
            "id": "arn:aws:elasticloadbalancing:us-east-1:979117655628:targetgroup/pub-targetGroup/a084f6893eb2045a",
            "ip_address_type": "ipv4",
            "lambda_multi_value_headers_enabled": false,
            "load_balancing_algorithm_type": "round_robin",
            "name": "pub-targetGroup",
            "name_prefix": null,
            "port": 80,
            "preserve_client_ip": null,
            "protocol": "HTTP",
            "protocol_version": "HTTP1",
            "proxy_protocol_v2": false,
            "slow_start": 0,
            "stickiness": [
              {
                "cookie_duration": 86400,
                "cookie_name": "",
                "enabled": false,
                "type": "lb_cookie"
              }
            ],
            "tags": {
              "Name": "public-target-group"
            },
            "tags_all": {
              "Name": "public-target-group"
            },
            "target_failover": [
              {
                "on_deregistration": null,
                "on_unhealthy": null
              }
            ],
            "target_type": "instance",
            "vpc_id": "vpc-0dc380842cb5f6989"
          },
          "sensitive_attributes": [],
          "private": "bnVsbA==",
          "dependencies": [
            "module.modules.aws_vpc.mainvpc"
          ]
        }
      ]
    },
    {
      "module": "module.modules",
      "mode": "managed",
      "type": "aws_lb_target_group_attachment",
      "name": "attach-priv1",
      "provider": "provider[\"registry.terraform.io/hashicorp/aws\"]",
      "instances": [
        {
          "schema_version": 0,
          "attributes": {
            "availability_zone": null,
            "id": "arn:aws:elasticloadbalancing:us-east-1:979117655628:targetgroup/private-target-Group/fa851d583593e619-20230208200328916400000005",
            "port": 80,
            "target_group_arn": "arn:aws:elasticloadbalancing:us-east-1:979117655628:targetgroup/private-target-Group/fa851d583593e619",
            "target_id": "i-0d5c184b05c1388e2"
          },
          "sensitive_attributes": [],
          "private": "bnVsbA==",
          "dependencies": [
            "module.ec2.aws_instance.private-instance1",
            "module.modules.aws_lb_target_group.privategroup",
            "module.modules.aws_security_group.secgroup",
            "module.modules.aws_subnet.private_subnet1",
            "module.modules.aws_vpc.mainvpc"
          ]
        }
      ]
    },
    {
      "module": "module.modules",
      "mode": "managed",
      "type": "aws_lb_target_group_attachment",
      "name": "attach-priv2",
      "provider": "provider[\"registry.terraform.io/hashicorp/aws\"]",
      "instances": [
        {
          "schema_version": 0,
          "attributes": {
            "availability_zone": null,
            "id": "arn:aws:elasticloadbalancing:us-east-1:979117655628:targetgroup/private-target-Group/fa851d583593e619-20230208200330539300000006",
            "port": 80,
            "target_group_arn": "arn:aws:elasticloadbalancing:us-east-1:979117655628:targetgroup/private-target-Group/fa851d583593e619",
            "target_id": "i-04c510825b4ac034a"
          },
          "sensitive_attributes": [],
          "private": "bnVsbA==",
          "dependencies": [
            "module.ec2.aws_instance.private-instance2",
            "module.modules.aws_lb_target_group.privategroup",
            "module.modules.aws_security_group.secgroup",
            "module.modules.aws_subnet.private_subnet2",
            "module.modules.aws_vpc.mainvpc"
          ]
        }
      ]
    },
    {
      "module": "module.modules",
      "mode": "managed",
      "type": "aws_lb_target_group_attachment",
      "name": "attach-proxy1",
      "provider": "provider[\"registry.terraform.io/hashicorp/aws\"]",
      "instances": []
    },
    {
      "module": "module.modules",
      "mode": "managed",
      "type": "aws_lb_target_group_attachment",
      "name": "attach-proxy2",
      "provider": "provider[\"registry.terraform.io/hashicorp/aws\"]",
      "instances": []
    },
    {
      "module": "module.modules",
      "mode": "managed",
      "type": "aws_nat_gateway",
      "name": "nat-gw",
      "provider": "provider[\"registry.terraform.io/hashicorp/aws\"]",
      "instances": [
        {
          "schema_version": 0,
          "attributes": {
            "allocation_id": "eipalloc-0fc37539f178f297a",
            "connectivity_type": "public",
            "id": "nat-01783a86890d28b4f",
            "network_interface_id": "eni-01a645196a3ca4668",
            "private_ip": "10.0.0.233",
            "public_ip": "44.209.142.200",
            "subnet_id": "subnet-02e17d6a5e7c5ec7c",
            "tags": {
              "Name": "natway1"
            },
            "tags_all": {
              "Name": "natway1"
            }
          },
          "sensitive_attributes": [],
          "private": "bnVsbA==",
          "dependencies": [
            "module.modules.aws_eip.eip",
            "module.modules.aws_internet_gateway.igw",
            "module.modules.aws_subnet.public_subnet1",
            "module.modules.aws_vpc.mainvpc"
          ]
        }
      ]
    },
    {
      "module": "module.modules",
      "mode": "managed",
      "type": "aws_route",
      "name": "igw-route",
      "provider": "provider[\"registry.terraform.io/hashicorp/aws\"]",
      "instances": [
        {
          "schema_version": 0,
          "attributes": {
            "carrier_gateway_id": "",
            "core_network_arn": "",
            "destination_cidr_block": "0.0.0.0/0",
            "destination_ipv6_cidr_block": "",
            "destination_prefix_list_id": "",
            "egress_only_gateway_id": "",
            "gateway_id": "igw-0c3177789b31b3f49",
            "id": "r-rtb-01c92d4bc38c922001080289494",
            "instance_id": "",
            "instance_owner_id": "",
            "local_gateway_id": "",
            "nat_gateway_id": "",
            "network_interface_id": "",
            "origin": "CreateRoute",
            "route_table_id": "rtb-01c92d4bc38c92200",
            "state": "active",
            "timeouts": null,
            "transit_gateway_id": "",
            "vpc_endpoint_id": "",
            "vpc_peering_connection_id": ""
          },
          "sensitive_attributes": [],
          "private": "eyJlMmJmYjczMC1lY2FhLTExZTYtOGY4OC0zNDM2M2JjN2M0YzAiOnsiY3JlYXRlIjozMDAwMDAwMDAwMDAsImRlbGV0ZSI6MzAwMDAwMDAwMDAwLCJ1cGRhdGUiOjEyMDAwMDAwMDAwMH19",
          "dependencies": [
            "module.modules.aws_internet_gateway.igw",
            "module.modules.aws_route_table.public-route",
            "module.modules.aws_vpc.mainvpc"
          ]
        }
      ]
    },
    {
      "module": "module.modules",
      "mode": "managed",
      "type": "aws_route",
      "name": "natgw-route",
      "provider": "provider[\"registry.terraform.io/hashicorp/aws\"]",
      "instances": [
        {
          "schema_version": 0,
          "attributes": {
            "carrier_gateway_id": "",
            "core_network_arn": "",
            "destination_cidr_block": "0.0.0.0/0",
            "destination_ipv6_cidr_block": "",
            "destination_prefix_list_id": "",
            "egress_only_gateway_id": "",
            "gateway_id": "",
            "id": "r-rtb-0ee8b5c25291c421f1080289494",
            "instance_id": "",
            "instance_owner_id": "",
            "local_gateway_id": "",
            "nat_gateway_id": "nat-01783a86890d28b4f",
            "network_interface_id": "",
            "origin": "CreateRoute",
            "route_table_id": "rtb-0ee8b5c25291c421f",
            "state": "active",
            "timeouts": null,
            "transit_gateway_id": "",
            "vpc_endpoint_id": "",
            "vpc_peering_connection_id": ""
          },
          "sensitive_attributes": [],
          "private": "eyJlMmJmYjczMC1lY2FhLTExZTYtOGY4OC0zNDM2M2JjN2M0YzAiOnsiY3JlYXRlIjozMDAwMDAwMDAwMDAsImRlbGV0ZSI6MzAwMDAwMDAwMDAwLCJ1cGRhdGUiOjEyMDAwMDAwMDAwMH19",
          "dependencies": [
            "module.modules.aws_nat_gateway.nat-gw",
            "module.modules.aws_route_table.private-route"
          ]
        }
      ]
    },
    {
      "module": "module.modules",
      "mode": "managed",
      "type": "aws_route_table",
      "name": "private-route",
      "provider": "provider[\"registry.terraform.io/hashicorp/aws\"]",
      "instances": [
        {
          "schema_version": 0,
          "attributes": {
            "arn": "arn:aws:ec2:us-east-1:979117655628:route-table/rtb-0ee8b5c25291c421f",
            "id": "rtb-0ee8b5c25291c421f",
            "owner_id": "979117655628",
            "propagating_vgws": [],
            "route": [
              {
                "carrier_gateway_id": "",
                "cidr_block": "0.0.0.0/0",
                "core_network_arn": "",
                "destination_prefix_list_id": "",
                "egress_only_gateway_id": "",
                "gateway_id": "",
                "instance_id": "",
                "ipv6_cidr_block": "",
                "local_gateway_id": "",
                "nat_gateway_id": "nat-01783a86890d28b4f",
                "network_interface_id": "",
                "transit_gateway_id": "",
                "vpc_endpoint_id": "",
                "vpc_peering_connection_id": ""
              }
            ],
            "tags": {
              "Name": "private-route"
            },
            "tags_all": {
              "Name": "private-route"
            },
            "timeouts": null,
            "vpc_id": "vpc-0dc380842cb5f6989"
          },
          "sensitive_attributes": [],
          "private": "eyJlMmJmYjczMC1lY2FhLTExZTYtOGY4OC0zNDM2M2JjN2M0YzAiOnsiY3JlYXRlIjozMDAwMDAwMDAwMDAsImRlbGV0ZSI6MzAwMDAwMDAwMDAwLCJ1cGRhdGUiOjEyMDAwMDAwMDAwMH19",
          "dependencies": [
            "module.modules.aws_vpc.mainvpc"
          ]
        }
      ]
    },
    {
      "module": "module.modules",
      "mode": "managed",
      "type": "aws_route_table",
      "name": "public-route",
      "provider": "provider[\"registry.terraform.io/hashicorp/aws\"]",
      "instances": [
        {
          "schema_version": 0,
          "attributes": {
            "arn": "arn:aws:ec2:us-east-1:979117655628:route-table/rtb-01c92d4bc38c92200",
            "id": "rtb-01c92d4bc38c92200",
            "owner_id": "979117655628",
            "propagating_vgws": [],
            "route": [
              {
                "carrier_gateway_id": "",
                "cidr_block": "0.0.0.0/0",
                "core_network_arn": "",
                "destination_prefix_list_id": "",
                "egress_only_gateway_id": "",
                "gateway_id": "igw-0c3177789b31b3f49",
                "instance_id": "",
                "ipv6_cidr_block": "",
                "local_gateway_id": "",
                "nat_gateway_id": "",
                "network_interface_id": "",
                "transit_gateway_id": "",
                "vpc_endpoint_id": "",
                "vpc_peering_connection_id": ""
              }
            ],
            "tags": {
              "Name": "public-route"
            },
            "tags_all": {
              "Name": "public-route"
            },
            "timeouts": null,
            "vpc_id": "vpc-0dc380842cb5f6989"
          },
          "sensitive_attributes": [],
          "private": "eyJlMmJmYjczMC1lY2FhLTExZTYtOGY4OC0zNDM2M2JjN2M0YzAiOnsiY3JlYXRlIjozMDAwMDAwMDAwMDAsImRlbGV0ZSI6MzAwMDAwMDAwMDAwLCJ1cGRhdGUiOjEyMDAwMDAwMDAwMH19",
          "dependencies": [
            "module.modules.aws_vpc.mainvpc"
          ]
        }
      ]
    },
    {
      "module": "module.modules",
      "mode": "managed",
      "type": "aws_route_table_association",
      "name": "c",
      "provider": "provider[\"registry.terraform.io/hashicorp/aws\"]",
      "instances": [
        {
          "schema_version": 0,
          "attributes": {
            "gateway_id": "",
            "id": "rtbassoc-040b139cb3ee4edcb",
            "route_table_id": "rtb-0ee8b5c25291c421f",
            "subnet_id": "subnet-034a2e7ca460f40c9"
          },
          "sensitive_attributes": [],
          "private": "bnVsbA==",
          "dependencies": [
            "module.modules.aws_route_table.private-route",
            "module.modules.aws_subnet.private_subnet1",
            "module.modules.aws_vpc.mainvpc"
          ]
        }
      ]
    },
    {
      "module": "module.modules",
      "mode": "managed",
      "type": "aws_route_table_association",
      "name": "d",
      "provider": "provider[\"registry.terraform.io/hashicorp/aws\"]",
      "instances": [
        {
          "schema_version": 0,
          "attributes": {
            "gateway_id": "",
            "id": "rtbassoc-0ae4a5475a2ec9b8c",
            "route_table_id": "rtb-0ee8b5c25291c421f",
            "subnet_id": "subnet-09d4b0a624d1e11ae"
          },
          "sensitive_attributes": [],
          "private": "bnVsbA==",
          "dependencies": [
            "module.modules.aws_route_table.private-route",
            "module.modules.aws_subnet.private_subnet2",
            "module.modules.aws_vpc.mainvpc"
          ]
        }
      ]
    },
    {
      "module": "module.modules",
      "mode": "managed",
      "type": "aws_route_table_association",
      "name": "first",
      "provider": "provider[\"registry.terraform.io/hashicorp/aws\"]",
      "instances": [
        {
          "schema_version": 0,
          "attributes": {
            "gateway_id": "",
            "id": "rtbassoc-09417ce2795f34b61",
            "route_table_id": "rtb-01c92d4bc38c92200",
            "subnet_id": "subnet-02e17d6a5e7c5ec7c"
          },
          "sensitive_attributes": [],
          "private": "bnVsbA==",
          "dependencies": [
            "module.modules.aws_route_table.public-route",
            "module.modules.aws_subnet.public_subnet1",
            "module.modules.aws_vpc.mainvpc"
          ]
        }
      ]
    },
    {
      "module": "module.modules",
      "mode": "managed",
      "type": "aws_route_table_association",
      "name": "second",
      "provider": "provider[\"registry.terraform.io/hashicorp/aws\"]",
      "instances": [
        {
          "schema_version": 0,
          "attributes": {
            "gateway_id": "",
            "id": "rtbassoc-04a650900c2444a74",
            "route_table_id": "rtb-01c92d4bc38c92200",
            "subnet_id": "subnet-097f2685f7ba64af7"
          },
          "sensitive_attributes": [],
          "private": "bnVsbA==",
          "dependencies": [
            "module.modules.aws_route_table.public-route",
            "module.modules.aws_subnet.public_subnet2",
            "module.modules.aws_vpc.mainvpc"
          ]
        }
      ]
    },
    {
      "module": "module.modules",
      "mode": "managed",
      "type": "aws_security_group",
      "name": "secgroup",
      "provider": "provider[\"registry.terraform.io/hashicorp/aws\"]",
      "instances": [
        {
          "schema_version": 1,
          "attributes": {
            "arn": "arn:aws:ec2:us-east-1:979117655628:security-group/sg-002399f1ab1aab0df",
            "description": "Allow HTTP traffic from anywhere",
            "egress": [
              {
                "cidr_blocks": [
                  "0.0.0.0/0"
                ],
                "description": "",
                "from_port": 0,
                "ipv6_cidr_blocks": [],
                "prefix_list_ids": [],
                "protocol": "-1",
                "security_groups": [],
                "self": false,
                "to_port": 0
              }
            ],
            "id": "sg-002399f1ab1aab0df",
            "ingress": [
              {
                "cidr_blocks": [
                  "0.0.0.0/0"
                ],
                "description": "",
                "from_port": 22,
                "ipv6_cidr_blocks": [],
                "prefix_list_ids": [],
                "protocol": "tcp",
                "security_groups": [],
                "self": false,
                "to_port": 22
              },
              {
                "cidr_blocks": [
                  "0.0.0.0/0"
                ],
                "description": "",
                "from_port": 80,
                "ipv6_cidr_blocks": [],
                "prefix_list_ids": [],
                "protocol": "tcp",
                "security_groups": [],
                "self": false,
                "to_port": 80
              }
            ],
            "name": "terraform-20230208200243203400000001",
            "name_prefix": "terraform-",
            "owner_id": "979117655628",
            "revoke_rules_on_delete": false,
            "tags": {
              "Name": "security-group"
            },
            "tags_all": {
              "Name": "security-group"
            },
            "timeouts": null,
            "vpc_id": "vpc-0dc380842cb5f6989"
          },
          "sensitive_attributes": [],
          "private": "eyJlMmJmYjczMC1lY2FhLTExZTYtOGY4OC0zNDM2M2JjN2M0YzAiOnsiY3JlYXRlIjo2MDAwMDAwMDAwMDAsImRlbGV0ZSI6OTAwMDAwMDAwMDAwfSwic2NoZW1hX3ZlcnNpb24iOiIxIn0=",
          "dependencies": [
            "module.modules.aws_vpc.mainvpc"
          ]
        }
      ]
    },
    {
      "module": "module.modules",
      "mode": "managed",
      "type": "aws_subnet",
      "name": "private_subnet1",
      "provider": "provider[\"registry.terraform.io/hashicorp/aws\"]",
      "instances": [
        {
          "schema_version": 1,
          "attributes": {
            "arn": "arn:aws:ec2:us-east-1:979117655628:subnet/subnet-034a2e7ca460f40c9",
            "assign_ipv6_address_on_creation": false,
            "availability_zone": "us-east-1a",
            "availability_zone_id": "use1-az6",
            "cidr_block": "10.0.2.0/24",
            "customer_owned_ipv4_pool": "",
            "enable_dns64": false,
            "enable_resource_name_dns_a_record_on_launch": false,
            "enable_resource_name_dns_aaaa_record_on_launch": false,
            "id": "subnet-034a2e7ca460f40c9",
            "ipv6_cidr_block": "",
            "ipv6_cidr_block_association_id": "",
            "ipv6_native": false,
            "map_customer_owned_ip_on_launch": false,
            "map_public_ip_on_launch": false,
            "outpost_arn": "",
            "owner_id": "979117655628",
            "private_dns_hostname_type_on_launch": "ip-name",
            "tags": {
              "Name": "private-subnet1"
            },
            "tags_all": {
              "Name": "private-subnet1"
            },
            "timeouts": null,
            "vpc_id": "vpc-0dc380842cb5f6989"
          },
          "sensitive_attributes": [],
          "private": "eyJlMmJmYjczMC1lY2FhLTExZTYtOGY4OC0zNDM2M2JjN2M0YzAiOnsiY3JlYXRlIjo2MDAwMDAwMDAwMDAsImRlbGV0ZSI6MTIwMDAwMDAwMDAwMH0sInNjaGVtYV92ZXJzaW9uIjoiMSJ9",
          "dependencies": [
            "module.modules.aws_vpc.mainvpc"
          ]
        }
      ]
    },
    {
      "module": "module.modules",
      "mode": "managed",
      "type": "aws_subnet",
      "name": "private_subnet2",
      "provider": "provider[\"registry.terraform.io/hashicorp/aws\"]",
      "instances": [
        {
          "schema_version": 1,
          "attributes": {
            "arn": "arn:aws:ec2:us-east-1:979117655628:subnet/subnet-09d4b0a624d1e11ae",
            "assign_ipv6_address_on_creation": false,
            "availability_zone": "us-east-1b",
            "availability_zone_id": "use1-az1",
            "cidr_block": "10.0.3.0/24",
            "customer_owned_ipv4_pool": "",
            "enable_dns64": false,
            "enable_resource_name_dns_a_record_on_launch": false,
            "enable_resource_name_dns_aaaa_record_on_launch": false,
            "id": "subnet-09d4b0a624d1e11ae",
            "ipv6_cidr_block": "",
            "ipv6_cidr_block_association_id": "",
            "ipv6_native": false,
            "map_customer_owned_ip_on_launch": false,
            "map_public_ip_on_launch": false,
            "outpost_arn": "",
            "owner_id": "979117655628",
            "private_dns_hostname_type_on_launch": "ip-name",
            "tags": {
              "Name": "private_subnet2"
            },
            "tags_all": {
              "Name": "private_subnet2"
            },
            "timeouts": null,
            "vpc_id": "vpc-0dc380842cb5f6989"
          },
          "sensitive_attributes": [],
          "private": "eyJlMmJmYjczMC1lY2FhLTExZTYtOGY4OC0zNDM2M2JjN2M0YzAiOnsiY3JlYXRlIjo2MDAwMDAwMDAwMDAsImRlbGV0ZSI6MTIwMDAwMDAwMDAwMH0sInNjaGVtYV92ZXJzaW9uIjoiMSJ9",
          "dependencies": [
            "module.modules.aws_vpc.mainvpc"
          ]
        }
      ]
    },
    {
      "module": "module.modules",
      "mode": "managed",
      "type": "aws_subnet",
      "name": "public_subnet1",
      "provider": "provider[\"registry.terraform.io/hashicorp/aws\"]",
      "instances": [
        {
          "schema_version": 1,
          "attributes": {
            "arn": "arn:aws:ec2:us-east-1:979117655628:subnet/subnet-02e17d6a5e7c5ec7c",
            "assign_ipv6_address_on_creation": false,
            "availability_zone": "us-east-1a",
            "availability_zone_id": "use1-az6",
            "cidr_block": "10.0.0.0/24",
            "customer_owned_ipv4_pool": "",
            "enable_dns64": false,
            "enable_resource_name_dns_a_record_on_launch": false,
            "enable_resource_name_dns_aaaa_record_on_launch": false,
            "id": "subnet-02e17d6a5e7c5ec7c",
            "ipv6_cidr_block": "",
            "ipv6_cidr_block_association_id": "",
            "ipv6_native": false,
            "map_customer_owned_ip_on_launch": false,
            "map_public_ip_on_launch": false,
            "outpost_arn": "",
            "owner_id": "979117655628",
            "private_dns_hostname_type_on_launch": "ip-name",
            "tags": {
              "Name": "public-subnet1"
            },
            "tags_all": {
              "Name": "public-subnet1"
            },
            "timeouts": null,
            "vpc_id": "vpc-0dc380842cb5f6989"
          },
          "sensitive_attributes": [],
          "private": "eyJlMmJmYjczMC1lY2FhLTExZTYtOGY4OC0zNDM2M2JjN2M0YzAiOnsiY3JlYXRlIjo2MDAwMDAwMDAwMDAsImRlbGV0ZSI6MTIwMDAwMDAwMDAwMH0sInNjaGVtYV92ZXJzaW9uIjoiMSJ9",
          "dependencies": [
            "module.modules.aws_vpc.mainvpc"
          ]
        }
      ]
    },
    {
      "module": "module.modules",
      "mode": "managed",
      "type": "aws_subnet",
      "name": "public_subnet2",
      "provider": "provider[\"registry.terraform.io/hashicorp/aws\"]",
      "instances": [
        {
          "schema_version": 1,
          "attributes": {
            "arn": "arn:aws:ec2:us-east-1:979117655628:subnet/subnet-097f2685f7ba64af7",
            "assign_ipv6_address_on_creation": false,
            "availability_zone": "us-east-1b",
            "availability_zone_id": "use1-az1",
            "cidr_block": "10.0.1.0/24",
            "customer_owned_ipv4_pool": "",
            "enable_dns64": false,
            "enable_resource_name_dns_a_record_on_launch": false,
            "enable_resource_name_dns_aaaa_record_on_launch": false,
            "id": "subnet-097f2685f7ba64af7",
            "ipv6_cidr_block": "",
            "ipv6_cidr_block_association_id": "",
            "ipv6_native": false,
            "map_customer_owned_ip_on_launch": false,
            "map_public_ip_on_launch": false,
            "outpost_arn": "",
            "owner_id": "979117655628",
            "private_dns_hostname_type_on_launch": "ip-name",
            "tags": {
              "Name": "public-subnet2"
            },
            "tags_all": {
              "Name": "public-subnet2"
            },
            "timeouts": null,
            "vpc_id": "vpc-0dc380842cb5f6989"
          },
          "sensitive_attributes": [],
          "private": "eyJlMmJmYjczMC1lY2FhLTExZTYtOGY4OC0zNDM2M2JjN2M0YzAiOnsiY3JlYXRlIjo2MDAwMDAwMDAwMDAsImRlbGV0ZSI6MTIwMDAwMDAwMDAwMH0sInNjaGVtYV92ZXJzaW9uIjoiMSJ9",
          "dependencies": [
            "module.modules.aws_vpc.mainvpc"
          ]
        }
      ]
    },
    {
      "module": "module.modules",
      "mode": "managed",
      "type": "aws_vpc",
      "name": "mainvpc",
      "provider": "provider[\"registry.terraform.io/hashicorp/aws\"]",
      "instances": [
        {
          "schema_version": 1,
          "attributes": {
            "arn": "arn:aws:ec2:us-east-1:979117655628:vpc/vpc-0dc380842cb5f6989",
            "assign_generated_ipv6_cidr_block": false,
            "cidr_block": "10.0.0.0/16",
            "default_network_acl_id": "acl-01c2dfb101a287b9b",
            "default_route_table_id": "rtb-081bdb27fa8cac7af",
            "default_security_group_id": "sg-01a1b5c0821c1380f",
            "dhcp_options_id": "dopt-07ecaea61d2a6acbc",
            "enable_classiclink": false,
            "enable_classiclink_dns_support": false,
            "enable_dns_hostnames": true,
            "enable_dns_support": true,
            "enable_network_address_usage_metrics": false,
            "id": "vpc-0dc380842cb5f6989",
            "instance_tenancy": "default",
            "ipv4_ipam_pool_id": null,
            "ipv4_netmask_length": null,
            "ipv6_association_id": "",
            "ipv6_cidr_block": "",
            "ipv6_cidr_block_network_border_group": "",
            "ipv6_ipam_pool_id": "",
            "ipv6_netmask_length": 0,
            "main_route_table_id": "rtb-081bdb27fa8cac7af",
            "owner_id": "979117655628",
            "tags": {
              "Name": "MainVpc"
            },
            "tags_all": {
              "Name": "MainVpc"
            }
          },
          "sensitive_attributes": [],
          "private": "eyJzY2hlbWFfdmVyc2lvbiI6IjEifQ=="
        }
      ]
    }
  ],
  "check_results": null
}
